
Microsoft Visual Studio Solution File, Format Version 12.00
# Visual Studio Version 17
VisualStudioVersion = 17.7.34221.43
MinimumVisualStudioVersion = 10.0.40219.1
Project("{FAE04EC0-301F-11D3-BF4B-00C04F79EFBC}") = "MediatrExample", "MediatrExample\MediatrExample.csproj", "{CE48770F-9EA2-4C13-B887-523A123BDAD1}"
EndProject
Global
	GlobalSection(SolutionConfigurationPlatforms) = preSolution
		Debug|Any CPU = Debug|Any CPU
		Release|Any CPU = Release|Any CPU
	EndGlobalSection
	GlobalSection(ProjectConfigurationPlatforms) = postSolution
		{CE48770F-9EA2-4C13-B887-523A123BDAD1}.Debug|Any CPU.ActiveCfg = Debug|Any CPU
		{CE48770F-9EA2-4C13-B887-523A123BDAD1}.Debug|Any CPU.Build.0 = Debug|Any CPU
		{CE48770F-9EA2-4C13-B887-523A123BDAD1}.Release|Any CPU.ActiveCfg = Release|Any CPU
		{CE48770F-9EA2-4C13-B887-523A123BDAD1}.Release|Any CPU.Build.0 = Release|Any CPU
	EndGlobalSection
	GlobalSection(SolutionProperties) = preSolution
		HideSolutionNode = FALSE
	EndGlobalSection
	GlobalSection(ExtensibilityGlobals) = postSolution
		SolutionGuid = {83D1CE7A-DE08-419B-B7A9-5085BA67E78F}
	EndGlobalSection
EndGlobal
